// !$*UTF8*$!
{
	archiveVersion = 1;
	classes = {
	};
	objectVersion = 56;
	objects = {

/* Begin PBXBuildFile section */
		4FC653D42B1F6DB40095512A /* AdventOfCode23App.swift in Sources */ = {isa = PBXBuildFile; fileRef = 4FC653D32B1F6DB40095512A /* AdventOfCode23App.swift */; };
		4FC653D62B1F6DB40095512A /* ContentView.swift in Sources */ = {isa = PBXBuildFile; fileRef = 4FC653D52B1F6DB40095512A /* ContentView.swift */; };
		4FC653D82B1F6DB50095512A /* Assets.xcassets in Resources */ = {isa = PBXBuildFile; fileRef = 4FC653D72B1F6DB50095512A /* Assets.xcassets */; };
		4FC653DB2B1F6DB50095512A /* Preview Assets.xcassets in Resources */ = {isa = PBXBuildFile; fileRef = 4FC653DA2B1F6DB50095512A /* Preview Assets.xcassets */; };
		4FC653E52B1F6DB50095512A /* AdventOfCode23Tests.swift in Sources */ = {isa = PBXBuildFile; fileRef = 4FC653E42B1F6DB50095512A /* AdventOfCode23Tests.swift */; };
		4FC653EF2B1F6DB50095512A /* AdventOfCode23UITests.swift in Sources */ = {isa = PBXBuildFile; fileRef = 4FC653EE2B1F6DB50095512A /* AdventOfCode23UITests.swift */; };
		4FC653F12B1F6DB50095512A /* AdventOfCode23UITestsLaunchTests.swift in Sources */ = {isa = PBXBuildFile; fileRef = 4FC653F02B1F6DB50095512A /* AdventOfCode23UITestsLaunchTests.swift */; };
		4FC654022B1F6E340095512A /* LuckyNumberAnalyser.swift in Sources */ = {isa = PBXBuildFile; fileRef = 4FC654012B1F6E340095512A /* LuckyNumberAnalyser.swift */; };
/* End PBXBuildFile section */

/* Begin PBXContainerItemProxy section */
		4FC653E12B1F6DB50095512A /* PBXContainerItemProxy */ = {
			isa = PBXContainerItemProxy;
			containerPortal = 4FC653C82B1F6DB40095512A /* Project object */;
			proxyType = 1;
			remoteGlobalIDString = 4FC653CF2B1F6DB40095512A;
			remoteInfo = AdventOfCode23;
		};
		4FC653EB2B1F6DB50095512A /* PBXContainerItemProxy */ = {
			isa = PBXContainerItemProxy;
			containerPortal = 4FC653C82B1F6DB40095512A /* Project object */;
			proxyType = 1;
			remoteGlobalIDString = 4FC653CF2B1F6DB40095512A;
			remoteInfo = AdventOfCode23;
		};
/* End PBXContainerItemProxy section */

/* Begin PBXFileReference section */
		4FC653D02B1F6DB40095512A /* AdventOfCode23.app */ = {isa = PBXFileReference; explicitFileType = wrapper.application; includeInIndex = 0; path = AdventOfCode23.app; sourceTree = BUILT_PRODUCTS_DIR; };
		4FC653D32B1F6DB40095512A /* AdventOfCode23App.swift */ = {isa = PBXFileReference; lastKnownFileType = sourcecode.swift; path = AdventOfCode23App.swift; sourceTree = "<group>"; };
		4FC653D52B1F6DB40095512A /* ContentView.swift */ = {isa = PBXFileReference; lastKnownFileType = sourcecode.swift; path = ContentView.swift; sourceTree = "<group>"; };
		4FC653D72B1F6DB50095512A /* Assets.xcassets */ = {isa = PBXFileReference; lastKnownFileType = folder.assetcatalog; path = Assets.xcassets; sourceTree = "<group>"; };
		4FC653DA2B1F6DB50095512A /* Preview Assets.xcassets */ = {isa = PBXFileReference; lastKnownFileType = folder.assetcatalog; path = "Preview Assets.xcassets"; sourceTree = "<group>"; };
		4FC653E02B1F6DB50095512A /* AdventOfCode23Tests.xctest */ = {isa = PBXFileReference; explicitFileType = wrapper.cfbundle; includeInIndex = 0; path = AdventOfCode23Tests.xctest; sourceTree = BUILT_PRODUCTS_DIR; };
		4FC653E42B1F6DB50095512A /* AdventOfCode23Tests.swift */ = {isa = PBXFileReference; lastKnownFileType = sourcecode.swift; path = AdventOfCode23Tests.swift; sourceTree = "<group>"; };
		4FC653EA2B1F6DB50095512A /* AdventOfCode23UITests.xctest */ = {isa = PBXFileReference; explicitFileType = wrapper.cfbundle; includeInIndex = 0; path = AdventOfCode23UITests.xctest; sourceTree = BUILT_PRODUCTS_DIR; };
		4FC653EE2B1F6DB50095512A /* AdventOfCode23UITests.swift */ = {isa = PBXFileReference; lastKnownFileType = sourcecode.swift; path = AdventOfCode23UITests.swift; sourceTree = "<group>"; };
		4FC653F02B1F6DB50095512A /* AdventOfCode23UITestsLaunchTests.swift */ = {isa = PBXFileReference; lastKnownFileType = sourcecode.swift; path = AdventOfCode23UITestsLaunchTests.swift; sourceTree = "<group>"; };
		4FC654012B1F6E340095512A /* LuckyNumberAnalyser.swift */ = {isa = PBXFileReference; lastKnownFileType = sourcecode.swift; path = LuckyNumberAnalyser.swift; sourceTree = "<group>"; };
/* End PBXFileReference section */

/* Begin PBXFrameworksBuildPhase section */
		4FC653CD2B1F6DB40095512A /* Frameworks */ = {
			isa = PBXFrameworksBuildPhase;
			buildActionMask = 2147483647;
			files = (
			);
			runOnlyForDeploymentPostprocessing = 0;
		};
		4FC653DD2B1F6DB50095512A /* Frameworks */ = {
			isa = PBXFrameworksBuildPhase;
			buildActionMask = 2147483647;
			files = (
			);
			runOnlyForDeploymentPostprocessing = 0;
		};
		4FC653E72B1F6DB50095512A /* Frameworks */ = {
			isa = PBXFrameworksBuildPhase;
			buildActionMask = 2147483647;
			files = (
			);
			runOnlyForDeploymentPostprocessing = 0;
		};
/* End PBXFrameworksBuildPhase section */

/* Begin PBXGroup section */
		4FC653C72B1F6DB40095512A = {
			isa = PBXGroup;
			children = (
				4FC654012B1F6E340095512A /* LuckyNumberAnalyser.swift */,
				4FC653D22B1F6DB40095512A /* AdventOfCode23 */,
				4FC653E32B1F6DB50095512A /* AdventOfCode23Tests */,
				4FC653ED2B1F6DB50095512A /* AdventOfCode23UITests */,
				4FC653D12B1F6DB40095512A /* Products */,
			);
			sourceTree = "<group>";
		};
		4FC653D12B1F6DB40095512A /* Products */ = {
			isa = PBXGroup;
			children = (
				4FC653D02B1F6DB40095512A /* AdventOfCode23.app */,
				4FC653E02B1F6DB50095512A /* AdventOfCode23Tests.xctest */,
				4FC653EA2B1F6DB50095512A /* AdventOfCode23UITests.xctest */,
			);
			name = Products;
			sourceTree = "<group>";
		};
		4FC653D22B1F6DB40095512A /* AdventOfCode23 */ = {
			isa = PBXGroup;
			children = (
				4FC653D32B1F6DB40095512A /* AdventOfCode23App.swift */,
				4FC653D52B1F6DB40095512A /* ContentView.swift */,
				4FC653FD2B1F6DC60095512A /* Day1 */,
				4FC654002B1F6DE80095512A /* Day4 */,
				4FC653D72B1F6DB50095512A /* Assets.xcassets */,
				4FC653FE2B1F6DD00095512A /* Day2 */,
				4FC653FF2B1F6DDF0095512A /* Day3 */,
				4FC653D92B1F6DB50095512A /* Preview Content */,
			);
			path = AdventOfCode23;
			sourceTree = "<group>";
		};
		4FC653D92B1F6DB50095512A /* Preview Content */ = {
			isa = PBXGroup;
			children = (
				4FC653DA2B1F6DB50095512A /* Preview Assets.xcassets */,
			);
			path = "Preview Content";
			sourceTree = "<group>";
		};
		4FC653E32B1F6DB50095512A /* AdventOfCode23Tests */ = {
			isa = PBXGroup;
			children = (
				4FC653E42B1F6DB50095512A /* AdventOfCode23Tests.swift */,
			);
			path = AdventOfCode23Tests;
			sourceTree = "<group>";
		};
		4FC653ED2B1F6DB50095512A /* AdventOfCode23UITests */ = {
			isa = PBXGroup;
			children = (
				4FC653EE2B1F6DB50095512A /* AdventOfCode23UITests.swift */,
				4FC653F02B1F6DB50095512A /* AdventOfCode23UITestsLaunchTests.swift */,
			);
			path = AdventOfCode23UITests;
			sourceTree = "<group>";
		};
		4FC653FD2B1F6DC60095512A /* Day1 */ = {
			isa = PBXGroup;
			children = (
			);
			path = Day1;
			sourceTree = "<group>";
		};
		4FC653FE2B1F6DD00095512A /* Day2 */ = {
			isa = PBXGroup;
			children = (
			);
			path = Day2;
			sourceTree = "<group>";
		};
		4FC653FF2B1F6DDF0095512A /* Day3 */ = {
			isa = PBXGroup;
			children = (
			);
			path = Day3;
			sourceTree = "<group>";
		};
		4FC654002B1F6DE80095512A /* Day4 */ = {
			isa = PBXGroup;
			children = (
			);
			path = Day4;
			sourceTree = "<group>";
		};
/* End PBXGroup section */

/* Begin PBXNativeTarget section */
		4FC653CF2B1F6DB40095512A /* AdventOfCode23 */ = {
			isa = PBXNativeTarget;
			buildConfigurationList = 4FC653F42B1F6DB50095512A /* Build configuration list for PBXNativeTarget "AdventOfCode23" */;
			buildPhases = (
				4FC653CC2B1F6DB40095512A /* Sources */,
				4FC653CD2B1F6DB40095512A /* Frameworks */,
				4FC653CE2B1F6DB40095512A /* Resources */,
			);
			buildRules = (
			);
			dependencies = (
			);
			name = AdventOfCode23;
			productName = AdventOfCode23;
			productReference = 4FC653D02B1F6DB40095512A /* AdventOfCode23.app */;
			productType = "com.apple.product-type.application";
		};
		4FC653DF2B1F6DB50095512A /* AdventOfCode23Tests */ = {
			isa = PBXNativeTarget;
			buildConfigurationList = 4FC653F72B1F6DB50095512A /* Build configuration list for PBXNativeTarget "AdventOfCode23Tests" */;
			buildPhases = (
				4FC653DC2B1F6DB50095512A /* Sources */,
				4FC653DD2B1F6DB50095512A /* Frameworks */,
				4FC653DE2B1F6DB50095512A /* Resources */,
			);
			buildRules = (
			);
			dependencies = (
				4FC653E22B1F6DB50095512A /* PBXTargetDependency */,
			);
			name = AdventOfCode23Tests;
			productName = AdventOfCode23Tests;
			productReference = 4FC653E02B1F6DB50095512A /* AdventOfCode23Tests.xctest */;
			productType = "com.apple.product-type.bundle.unit-test";
		};
		4FC653E92B1F6DB50095512A /* AdventOfCode23UITests */ = {
			isa = PBXNativeTarget;
			buildConfigurationList = 4FC653FA2B1F6DB50095512A /* Build configuration list for PBXNativeTarget "AdventOfCode23UITests" */;
			buildPhases = (
				4FC653E62B1F6DB50095512A /* Sources */,
				4FC653E72B1F6DB50095512A /* Frameworks */,
				4FC653E82B1F6DB50095512A /* Resources */,
			);
			buildRules = (
			);
			dependencies = (
				4FC653EC2B1F6DB50095512A /* PBXTargetDependency */,
			);
			name = AdventOfCode23UITests;
			productName = AdventOfCode23UITests;
			productReference = 4FC653EA2B1F6DB50095512A /* AdventOfCode23UITests.xctest */;
			productType = "com.apple.product-type.bundle.ui-testing";
		};
/* End PBXNativeTarget section */

/* Begin PBXProject section */
		4FC653C82B1F6DB40095512A /* Project object */ = {
			isa = PBXProject;
			attributes = {
				BuildIndependentTargetsInParallel = 1;
				LastSwiftUpdateCheck = 1500;
				LastUpgradeCheck = 1500;
				TargetAttributes = {
					4FC653CF2B1F6DB40095512A = {
						CreatedOnToolsVersion = 15.0.1;
					};
					4FC653DF2B1F6DB50095512A = {
						CreatedOnToolsVersion = 15.0.1;
						TestTargetID = 4FC653CF2B1F6DB40095512A;
					};
					4FC653E92B1F6DB50095512A = {
						CreatedOnToolsVersion = 15.0.1;
						TestTargetID = 4FC653CF2B1F6DB40095512A;
					};
				};
			};
			buildConfigurationList = 4FC653CB2B1F6DB40095512A /* Build configuration list for PBXProject "AdventOfCode23" */;
			compatibilityVersion = "Xcode 14.0";
			developmentRegion = en;
			hasScannedForEncodings = 0;
			knownRegions = (
				en,
				Base,
			);
			mainGroup = 4FC653C72B1F6DB40095512A;
			productRefGroup = 4FC653D12B1F6DB40095512A /* Products */;
			projectDirPath = "";
			projectRoot = "";
			targets = (
				4FC653CF2B1F6DB40095512A /* AdventOfCode23 */,
				4FC653DF2B1F6DB50095512A /* AdventOfCode23Tests */,
				4FC653E92B1F6DB50095512A /* AdventOfCode23UITests */,
			);
		};
/* End PBXProject section */

/* Begin PBXResourcesBuildPhase section */
		4FC653CE2B1F6DB40095512A /* Resources */ = {
			isa = PBXResourcesBuildPhase;
			buildActionMask = 2147483647;
			files = (
				4FC653DB2B1F6DB50095512A /* Preview Assets.xcassets in Resources */,
				4FC653D82B1F6DB50095512A /* Assets.xcassets in Resources */,
			);
			runOnlyForDeploymentPostprocessing = 0;
		};
		4FC653DE2B1F6DB50095512A /* Resources */ = {
			isa = PBXResourcesBuildPhase;
			buildActionMask = 2147483647;
			files = (
			);
			runOnlyForDeploymentPostprocessing = 0;
		};
		4FC653E82B1F6DB50095512A /* Resources */ = {
			isa = PBXResourcesBuildPhase;
			buildActionMask = 2147483647;
			files = (
			);
			runOnlyForDeploymentPostprocessing = 0;
		};
/* End PBXResourcesBuildPhase section */

/* Begin PBXSourcesBuildPhase section */
		4FC653CC2B1F6DB40095512A /* Sources */ = {
			isa = PBXSourcesBuildPhase;
			buildActionMask = 2147483647;
			files = (
				4FC653D62B1F6DB40095512A /* ContentView.swift in Sources */,
				4FC654022B1F6E340095512A /* LuckyNumberAnalyser.swift in Sources */,
				4FC653D42B1F6DB40095512A /* AdventOfCode23App.swift in Sources */,
			);
			runOnlyForDeploymentPostprocessing = 0;
		};
		4FC653DC2B1F6DB50095512A /* Sources */ = {
			isa = PBXSourcesBuildPhase;
			buildActionMask = 2147483647;
			files = (
				4FC653E52B1F6DB50095512A /* AdventOfCode23Tests.swift in Sources */,
			);
			runOnlyForDeploymentPostprocessing = 0;
		};
		4FC653E62B1F6DB50095512A /* Sources */ = {
			isa = PBXSourcesBuildPhase;
			buildActionMask = 2147483647;
			files = (
				4FC653EF2B1F6DB50095512A /* AdventOfCode23UITests.swift in Sources */,
				4FC653F12B1F6DB50095512A /* AdventOfCode23UITestsLaunchTests.swift in Sources */,
			);
			runOnlyForDeploymentPostprocessing = 0;
		};
/* End PBXSourcesBuildPhase section */

/* Begin PBXTargetDependency section */
		4FC653E22B1F6DB50095512A /* PBXTargetDependency */ = {
			isa = PBXTargetDependency;
			target = 4FC653CF2B1F6DB40095512A /* AdventOfCode23 */;
			targetProxy = 4FC653E12B1F6DB50095512A /* PBXContainerItemProxy */;
		};
		4FC653EC2B1F6DB50095512A /* PBXTargetDependency */ = {
			isa = PBXTargetDependency;
			target = 4FC653CF2B1F6DB40095512A /* AdventOfCode23 */;
			targetProxy = 4FC653EB2B1F6DB50095512A /* PBXContainerItemProxy */;
		};
/* End PBXTargetDependency section */

/* Begin XCBuildConfiguration section */
		4FC653F22B1F6DB50095512A /* Debug */ = {
			isa = XCBuildConfiguration;
			buildSettings = {
				ALWAYS_SEARCH_USER_PATHS = NO;
				ASSETCATALOG_COMPILER_GENERATE_SWIFT_ASSET_SYMBOL_EXTENSIONS = YES;
				CLANG_ANALYZER_NONNULL = YES;
				CLANG_ANALYZER_NUMBER_OBJECT_CONVERSION = YES_AGGRESSIVE;
				CLANG_CXX_LANGUAGE_STANDARD = "gnu++20";
				CLANG_ENABLE_MODULES = YES;
				CLANG_ENABLE_OBJC_ARC = YES;
				CLANG_ENABLE_OBJC_WEAK = YES;
				CLANG_WARN_BLOCK_CAPTURE_AUTORELEASING = YES;
				CLANG_WARN_BOOL_CONVERSION = YES;
				CLANG_WARN_COMMA = YES;
				CLANG_WARN_CONSTANT_CONVERSION = YES;
				CLANG_WARN_DEPRECATED_OBJC_IMPLEMENTATIONS = YES;
				CLANG_WARN_DIRECT_OBJC_ISA_USAGE = YES_ERROR;
				CLANG_WARN_DOCUMENTATION_COMMENTS = YES;
				CLANG_WARN_EMPTY_BODY = YES;
				CLANG_WARN_ENUM_CONVERSION = YES;
				CLANG_WARN_INFINITE_RECURSION = YES;
				CLANG_WARN_INT_CONVERSION = YES;
				CLANG_WARN_NON_LITERAL_NULL_CONVERSION = YES;
				CLANG_WARN_OBJC_IMPLICIT_RETAIN_SELF = YES;
				CLANG_WARN_OBJC_LITERAL_CONVERSION = YES;
				CLANG_WARN_OBJC_ROOT_CLASS = YES_ERROR;
				CLANG_WARN_QUOTED_INCLUDE_IN_FRAMEWORK_HEADER = YES;
				CLANG_WARN_RANGE_LOOP_ANALYSIS = YES;
				CLANG_WARN_STRICT_PROTOTYPES = YES;
				CLANG_WARN_SUSPICIOUS_MOVE = YES;
				CLANG_WARN_UNGUARDED_AVAILABILITY = YES_AGGRESSIVE;
				CLANG_WARN_UNREACHABLE_CODE = YES;
				CLANG_WARN__DUPLICATE_METHOD_MATCH = YES;
				COPY_PHASE_STRIP = NO;
				DEBUG_INFORMATION_FORMAT = dwarf;
				ENABLE_STRICT_OBJC_MSGSEND = YES;
				ENABLE_TESTABILITY = YES;
				ENABLE_USER_SCRIPT_SANDBOXING = YES;
				GCC_C_LANGUAGE_STANDARD = gnu17;
				GCC_DYNAMIC_NO_PIC = NO;
				GCC_NO_COMMON_BLOCKS = YES;
				GCC_OPTIMIZATION_LEVEL = 0;
				GCC_PREPROCESSOR_DEFINITIONS = (
					"DEBUG=1",
					"$(inherited)",
				);
				GCC_WARN_64_TO_32_BIT_CONVERSION = YES;
				GCC_WARN_ABOUT_RETURN_TYPE = YES_ERROR;
				GCC_WARN_UNDECLARED_SELECTOR = YES;
				GCC_WARN_UNINITIALIZED_AUTOS = YES_AGGRESSIVE;
				GCC_WARN_UNUSED_FUNCTION = YES;
				GCC_WARN_UNUSED_VARIABLE = YES;
				IPHONEOS_DEPLOYMENT_TARGET = 17.0;
				LOCALIZATION_PREFERS_STRING_CATALOGS = YES;
				MTL_ENABLE_DEBUG_INFO = INCLUDE_SOURCE;
				MTL_FAST_MATH = YES;
				ONLY_ACTIVE_ARCH = YES;
				SDKROOT = iphoneos;
				SWIFT_ACTIVE_COMPILATION_CONDITIONS = "DEBUG $(inherited)";
				SWIFT_OPTIMIZATION_LEVEL = "-Onone";
			};
			name = Debug;
		};
		4FC653F32B1F6DB50095512A /* Release */ = {
			isa = XCBuildConfiguration;
			buildSettings = {
				ALWAYS_SEARCH_USER_PATHS = NO;
				ASSETCATALOG_COMPILER_GENERATE_SWIFT_ASSET_SYMBOL_EXTENSIONS = YES;
				CLANG_ANALYZER_NONNULL = YES;
				CLANG_ANALYZER_NUMBER_OBJECT_CONVERSION = YES_AGGRESSIVE;
				CLANG_CXX_LANGUAGE_STANDARD = "gnu++20";
				CLANG_ENABLE_MODULES = YES;
				CLANG_ENABLE_OBJC_ARC = YES;
				CLANG_ENABLE_OBJC_WEAK = YES;
				CLANG_WARN_BLOCK_CAPTURE_AUTORELEASING = YES;
				CLANG_WARN_BOOL_CONVERSION = YES;
				CLANG_WARN_COMMA = YES;
				CLANG_WARN_CONSTANT_CONVERSION = YES;
				CLANG_WARN_DEPRECATED_OBJC_IMPLEMENTATIONS = YES;
				CLANG_WARN_DIRECT_OBJC_ISA_USAGE = YES_ERROR;
				CLANG_WARN_DOCUMENTATION_COMMENTS = YES;
				CLANG_WARN_EMPTY_BODY = YES;
				CLANG_WARN_ENUM_CONVERSION = YES;
				CLANG_WARN_INFINITE_RECURSION = YES;
				CLANG_WARN_INT_CONVERSION = YES;
				CLANG_WARN_NON_LITERAL_NULL_CONVERSION = YES;
				CLANG_WARN_OBJC_IMPLICIT_RETAIN_SELF = YES;
				CLANG_WARN_OBJC_LITERAL_CONVERSION = YES;
				CLANG_WARN_OBJC_ROOT_CLASS = YES_ERROR;
				CLANG_WARN_QUOTED_INCLUDE_IN_FRAMEWORK_HEADER = YES;
				CLANG_WARN_RANGE_LOOP_ANALYSIS = YES;
				CLANG_WARN_STRICT_PROTOTYPES = YES;
				CLANG_WARN_SUSPICIOUS_MOVE = YES;
				CLANG_WARN_UNGUARDED_AVAILABILITY = YES_AGGRESSIVE;
				CLANG_WARN_UNREACHABLE_CODE = YES;
				CLANG_WARN__DUPLICATE_METHOD_MATCH = YES;
				COPY_PHASE_STRIP = NO;
				DEBUG_INFORMATION_FORMAT = "dwarf-with-dsym";
				ENABLE_NS_ASSERTIONS = NO;
				ENABLE_STRICT_OBJC_MSGSEND = YES;
				ENABLE_USER_SCRIPT_SANDBOXING = YES;
				GCC_C_LANGUAGE_STANDARD = gnu17;
				GCC_NO_COMMON_BLOCKS = YES;
				GCC_WARN_64_TO_32_BIT_CONVERSION = YES;
				GCC_WARN_ABOUT_RETURN_TYPE = YES_ERROR;
				GCC_WARN_UNDECLARED_SELECTOR = YES;
				GCC_WARN_UNINITIALIZED_AUTOS = YES_AGGRESSIVE;
				GCC_WARN_UNUSED_FUNCTION = YES;
				GCC_WARN_UNUSED_VARIABLE = YES;
				IPHONEOS_DEPLOYMENT_TARGET = 17.0;
				LOCALIZATION_PREFERS_STRING_CATALOGS = YES;
				MTL_ENABLE_DEBUG_INFO = NO;
				MTL_FAST_MATH = YES;
				SDKROOT = iphoneos;
				SWIFT_COMPILATION_MODE = wholemodule;
				VALIDATE_PRODUCT = YES;
			};
			name = Release;
		};
		4FC653F52B1F6DB50095512A /* Debug */ = {
			isa = XCBuildConfiguration;
			buildSettings = {
				ASSETCATALOG_COMPILER_APPICON_NAME = AppIcon;
				ASSETCATALOG_COMPILER_GLOBAL_ACCENT_COLOR_NAME = AccentColor;
				CODE_SIGN_STYLE = Automatic;
				CURRENT_PROJECT_VERSION = 1;
				DEVELOPMENT_ASSET_PATHS = "\"AdventOfCode23/Preview Content\"";
				DEVELOPMENT_TEAM = BQ55AJ4968;
				ENABLE_PREVIEWS = YES;
				GENERATE_INFOPLIST_FILE = YES;
				INFOPLIST_KEY_UIApplicationSceneManifest_Generation = YES;
				INFOPLIST_KEY_UIApplicationSupportsIndirectInputEvents = YES;
				INFOPLIST_KEY_UILaunchScreen_Generation = YES;
				INFOPLIST_KEY_UISupportedInterfaceOrientations_iPad = "UIInterfaceOrientationPortrait UIInterfaceOrientationPortraitUpsideDown UIInterfaceOrientationLandscapeLeft UIInterfaceOrientationLandscapeRight";
				INFOPLIST_KEY_UISupportedInterfaceOrientations_iPhone = "UIInterfaceOrientationPortrait UIInterfaceOrientationLandscapeLeft UIInterfaceOrientationLandscapeRight";
				LD_RUNPATH_SEARCH_PATHS = (
					"$(inherited)",
					"@executable_path/Frameworks",
				);
				MARKETING_VERSION = 1.0;
				PRODUCT_BUNDLE_IDENTIFIER = self.AdventOfCode23;
				PRODUCT_NAME = "$(TARGET_NAME)";
				SWIFT_EMIT_LOC_STRINGS = YES;
				SWIFT_VERSION = 5.0;
				TARGETED_DEVICE_FAMILY = "1,2";
			};
			name = Debug;
		};
		4FC653F62B1F6DB50095512A /* Release */ = {
			isa = XCBuildConfiguration;
			buildSettings = {
				ASSETCATALOG_COMPILER_APPICON_NAME = AppIcon;
				ASSETCATALOG_COMPILER_GLOBAL_ACCENT_COLOR_NAME = AccentColor;
				CODE_SIGN_STYLE = Automatic;
				CURRENT_PROJECT_VERSION = 1;
				DEVELOPMENT_ASSET_PATHS = "\"AdventOfCode23/Preview Content\"";
				DEVELOPMENT_TEAM = BQ55AJ4968;
				ENABLE_PREVIEWS = YES;
				GENERATE_INFOPLIST_FILE = YES;
				INFOPLIST_KEY_UIApplicationSceneManifest_Generation = YES;
				INFOPLIST_KEY_UIApplicationSupportsIndirectInputEvents = YES;
				INFOPLIST_KEY_UILaunchScreen_Generation = YES;
				INFOPLIST_KEY_UISupportedInterfaceOrientations_iPad = "UIInterfaceOrientationPortrait UIInterfaceOrientationPortraitUpsideDown UIInterfaceOrientationLandscapeLeft UIInterfaceOrientationLandscapeRight";
				INFOPLIST_KEY_UISupportedInterfaceOrientations_iPhone = "UIInterfaceOrientationPortrait UIInterfaceOrientationLandscapeLeft UIInterfaceOrientationLandscapeRight";
				LD_RUNPATH_SEARCH_PATHS = (
					"$(inherited)",
					"@executable_path/Frameworks",
				);
				MARKETING_VERSION = 1.0;
				PRODUCT_BUNDLE_IDENTIFIER = self.AdventOfCode23;
				PRODUCT_NAME = "$(TARGET_NAME)";
				SWIFT_EMIT_LOC_STRINGS = YES;
				SWIFT_VERSION = 5.0;
				TARGETED_DEVICE_FAMILY = "1,2";
			};
			name = Release;
		};
		4FC653F82B1F6DB50095512A /* Debug */ = {
			isa = XCBuildConfiguration;
			buildSettings = {
				ALWAYS_EMBED_SWIFT_STANDARD_LIBRARIES = YES;
				BUNDLE_LOADER = "$(TEST_HOST)";
				CODE_SIGN_STYLE = Automatic;
				CURRENT_PROJECT_VERSION = 1;
				DEVELOPMENT_TEAM = BQ55AJ4968;
				GENERATE_INFOPLIST_FILE = YES;
				IPHONEOS_DEPLOYMENT_TARGET = 17.0;
				MARKETING_VERSION = 1.0;
				PRODUCT_BUNDLE_IDENTIFIER = self.AdventOfCode23Tests;
				PRODUCT_NAME = "$(TARGET_NAME)";
				SWIFT_EMIT_LOC_STRINGS = NO;
				SWIFT_VERSION = 5.0;
				TARGETED_DEVICE_FAMILY = "1,2";
				TEST_HOST = "$(BUILT_PRODUCTS_DIR)/AdventOfCode23.app/$(BUNDLE_EXECUTABLE_FOLDER_PATH)/AdventOfCode23";
			};
			name = Debug;
		};
		4FC653F92B1F6DB50095512A /* Release */ = {
			isa = XCBuildConfiguration;
			buildSettings = {
				ALWAYS_EMBED_SWIFT_STANDARD_LIBRARIES = YES;
				BUNDLE_LOADER = "$(TEST_HOST)";
				CODE_SIGN_STYLE = Automatic;
				CURRENT_PROJECT_VERSION = 1;
				DEVELOPMENT_TEAM = BQ55AJ4968;
				GENERATE_INFOPLIST_FILE = YES;
				IPHONEOS_DEPLOYMENT_TARGET = 17.0;
				MARKETING_VERSION = 1.0;
				PRODUCT_BUNDLE_IDENTIFIER = self.AdventOfCode23Tests;
				PRODUCT_NAME = "$(TARGET_NAME)";
				SWIFT_EMIT_LOC_STRINGS = NO;
				SWIFT_VERSION = 5.0;
				TARGETED_DEVICE_FAMILY = "1,2";
				TEST_HOST = "$(BUILT_PRODUCTS_DIR)/AdventOfCode23.app/$(BUNDLE_EXECUTABLE_FOLDER_PATH)/AdventOfCode23";
			};
			name = Release;
		};
		4FC653FB2B1F6DB50095512A /* Debug */ = {
			isa = XCBuildConfiguration;
			buildSettings = {
				ALWAYS_EMBED_SWIFT_STANDARD_LIBRARIES = YES;
				CODE_SIGN_STYLE = Automatic;
				CURRENT_PROJECT_VERSION = 1;
				DEVELOPMENT_TEAM = BQ55AJ4968;
				GENERATE_INFOPLIST_FILE = YES;
				MARKETING_VERSION = 1.0;
				PRODUCT_BUNDLE_IDENTIFIER = self.AdventOfCode23UITests;
				PRODUCT_NAME = "$(TARGET_NAME)";
				SWIFT_EMIT_LOC_STRINGS = NO;
				SWIFT_VERSION = 5.0;
				TARGETED_DEVICE_FAMILY = "1,2";
				TEST_TARGET_NAME = AdventOfCode23;
			};
			name = Debug;
		};
		4FC653FC2B1F6DB50095512A /* Release */ = {
			isa = XCBuildConfiguration;
			buildSettings = {
				ALWAYS_EMBED_SWIFT_STANDARD_LIBRARIES = YES;
				CODE_SIGN_STYLE = Automatic;
				CURRENT_PROJECT_VERSION = 1;
				DEVELOPMENT_TEAM = BQ55AJ4968;
				GENERATE_INFOPLIST_FILE = YES;
				MARKETING_VERSION = 1.0;
				PRODUCT_BUNDLE_IDENTIFIER = self.AdventOfCode23UITests;
				PRODUCT_NAME = "$(TARGET_NAME)";
				SWIFT_EMIT_LOC_STRINGS = NO;
				SWIFT_VERSION = 5.0;
				TARGETED_DEVICE_FAMILY = "1,2";
				TEST_TARGET_NAME = AdventOfCode23;
			};
			name = Release;
		};
/* End XCBuildConfiguration section */

/* Begin XCConfigurationList section */
		4FC653CB2B1F6DB40095512A /* Build configuration list for PBXProject "AdventOfCode23" */ = {
			isa = XCConfigurationList;
			buildConfigurations = (
				4FC653F22B1F6DB50095512A /* Debug */,
				4FC653F32B1F6DB50095512A /* Release */,
			);
			defaultConfigurationIsVisible = 0;
			defaultConfigurationName = Release;
		};
		4FC653F42B1F6DB50095512A /* Build configuration list for PBXNativeTarget "AdventOfCode23" */ = {
			isa = XCConfigurationList;
			buildConfigurations = (
				4FC653F52B1F6DB50095512A /* Debug */,
				4FC653F62B1F6DB50095512A /* Release */,
			);
			defaultConfigurationIsVisible = 0;
			defaultConfigurationName = Release;
		};
		4FC653F72B1F6DB50095512A /* Build configuration list for PBXNativeTarget "AdventOfCode23Tests" */ = {
			isa = XCConfigurationList;
			buildConfigurations = (
				4FC653F82B1F6DB50095512A /* Debug */,
				4FC653F92B1F6DB50095512A /* Release */,
			);
			defaultConfigurationIsVisible = 0;
			defaultConfigurationName = Release;
		};
		4FC653FA2B1F6DB50095512A /* Build configuration list for PBXNativeTarget "AdventOfCode23UITests" */ = {
			isa = XCConfigurationList;
			buildConfigurations = (
				4FC653FB2B1F6DB50095512A /* Debug */,
				4FC653FC2B1F6DB50095512A /* Release */,
			);
			defaultConfigurationIsVisible = 0;
			defaultConfigurationName = Release;
		};
/* End XCConfigurationList section */
	};
	rootObject = 4FC653C82B1F6DB40095512A /* Project object */;
}
